
Microsoft Visual Studio Solution File, Format Version 12.00
# Visual Studio Version 17
VisualStudioVersion = 17.0.31903.59
MinimumVisualStudioVersion = 10.0.40219.1
Project("{9A19103F-16F7-4668-BE54-9A1E7A4F7556}") = "PurchasingCalculator.App", "PurchasingCalculator.App\PurchasingCalculator.App.csproj", "{216383AF-3C13-4E59-9730-CDC1781BB340}"
EndProject
Project("{9A19103F-16F7-4668-BE54-9A1E7A4F7556}") = "PurchasingCalculator.SharedUI", "PurchasingCalculator.SharedUI\PurchasingCalculator.SharedUI.csproj", "{7F002AC3-7DE4-4924-8E62-EC8E83F874DF}"
EndProject
Project("{9A19103F-16F7-4668-BE54-9A1E7A4F7556}") = "PurchasingCalculator.Web", "PurchasingCalculator.Web\PurchasingCalculator.Web.csproj", "{887A50ED-CAC2-4D42-8734-229A5EFAE263}"
EndProject
Project("{9A19103F-16F7-4668-BE54-9A1E7A4F7556}") = "PurchasingCalculator.Shared", "PurchasingCalculator.Shared\PurchasingCalculator.Shared.csproj", "{B4221E43-3093-41AD-96D2-24E0EC372BBB}"
EndProject
Global
	GlobalSection(SolutionConfigurationPlatforms) = preSolution
		Debug|Any CPU = Debug|Any CPU
		Release|Any CPU = Release|Any CPU
	EndGlobalSection
	GlobalSection(ProjectConfigurationPlatforms) = postSolution
		{216383AF-3C13-4E59-9730-CDC1781BB340}.Debug|Any CPU.ActiveCfg = Debug|Any CPU
		{216383AF-3C13-4E59-9730-CDC1781BB340}.Debug|Any CPU.Build.0 = Debug|Any CPU
		{216383AF-3C13-4E59-9730-CDC1781BB340}.Debug|Any CPU.Deploy.0 = Debug|Any CPU
		{216383AF-3C13-4E59-9730-CDC1781BB340}.Release|Any CPU.ActiveCfg = Release|Any CPU
		{216383AF-3C13-4E59-9730-CDC1781BB340}.Release|Any CPU.Build.0 = Release|Any CPU
		{7F002AC3-7DE4-4924-8E62-EC8E83F874DF}.Debug|Any CPU.ActiveCfg = Debug|Any CPU
		{7F002AC3-7DE4-4924-8E62-EC8E83F874DF}.Debug|Any CPU.Build.0 = Debug|Any CPU
		{7F002AC3-7DE4-4924-8E62-EC8E83F874DF}.Release|Any CPU.ActiveCfg = Release|Any CPU
		{7F002AC3-7DE4-4924-8E62-EC8E83F874DF}.Release|Any CPU.Build.0 = Release|Any CPU
		{887A50ED-CAC2-4D42-8734-229A5EFAE263}.Debug|Any CPU.ActiveCfg = Debug|Any CPU
		{887A50ED-CAC2-4D42-8734-229A5EFAE263}.Debug|Any CPU.Build.0 = Debug|Any CPU
		{887A50ED-CAC2-4D42-8734-229A5EFAE263}.Release|Any CPU.ActiveCfg = Release|Any CPU
		{887A50ED-CAC2-4D42-8734-229A5EFAE263}.Release|Any CPU.Build.0 = Release|Any CPU
		{B4221E43-3093-41AD-96D2-24E0EC372BBB}.Debug|Any CPU.ActiveCfg = Debug|Any CPU
		{B4221E43-3093-41AD-96D2-24E0EC372BBB}.Debug|Any CPU.Build.0 = Debug|Any CPU
		{B4221E43-3093-41AD-96D2-24E0EC372BBB}.Release|Any CPU.ActiveCfg = Release|Any CPU
		{B4221E43-3093-41AD-96D2-24E0EC372BBB}.Release|Any CPU.Build.0 = Release|Any CPU
	EndGlobalSection
	GlobalSection(SolutionProperties) = preSolution
		HideSolutionNode = FALSE
	EndGlobalSection
EndGlobal
